
Microsoft Visual Studio Solution File, Format Version 12.00
# Visual Studio Version 17
VisualStudioVersion = 17.13.35931.197 d17.13
MinimumVisualStudioVersion = 10.0.40219.1
Project("{FAE04EC0-301F-11D3-BF4B-00C04F79EFBC}") = "SchoolrecordsPrefinals", "SchoolrecordsPrefinals.csproj", "{84735FC3-C89C-47C4-9294-18F141FB0ECC}"
EndProject
Global
	GlobalSection(SolutionConfigurationPlatforms) = preSolution
		Debug|Any CPU = Debug|Any CPU
		Release|Any CPU = Release|Any CPU
	EndGlobalSection
	GlobalSection(ProjectConfigurationPlatforms) = postSolution
		{84735FC3-C89C-47C4-9294-18F141FB0ECC}.Debug|Any CPU.ActiveCfg = Debug|Any CPU
		{84735FC3-C89C-47C4-9294-18F141FB0ECC}.Debug|Any CPU.Build.0 = Debug|Any CPU
		{84735FC3-C89C-47C4-9294-18F141FB0ECC}.Release|Any CPU.ActiveCfg = Release|Any CPU
		{84735FC3-C89C-47C4-9294-18F141FB0ECC}.Release|Any CPU.Build.0 = Release|Any CPU
	EndGlobalSection
	GlobalSection(SolutionProperties) = preSolution
		HideSolutionNode = FALSE
	EndGlobalSection
	GlobalSection(ExtensibilityGlobals) = postSolution
		SolutionGuid = {36DB9A5C-7431-47A6-AD10-DC5AA6D022FE}
	EndGlobalSection
EndGlobal
